// !$*UTF8*$!
{
	archiveVersion = 1;
	classes = {
	};
	objectVersion = 46;
	objects = {

/* Begin PBXBuildFile section */
		54A2D03E1D6A5D86005D0D8F /* AppDelegate.swift in Sources */ = {isa = PBXBuildFile; fileRef = 54A2D03D1D6A5D86005D0D8F /* AppDelegate.swift */; };
		54A2D0401D6A5D86005D0D8F /* ViewController.swift in Sources */ = {isa = PBXBuildFile; fileRef = 54A2D03F1D6A5D86005D0D8F /* ViewController.swift */; };
		54A2D0431D6A5D86005D0D8F /* Main.storyboard in Resources */ = {isa = PBXBuildFile; fileRef = 54A2D0411D6A5D86005D0D8F /* Main.storyboard */; };
		54A2D0451D6A5D86005D0D8F /* Assets.xcassets in Resources */ = {isa = PBXBuildFile; fileRef = 54A2D0441D6A5D86005D0D8F /* Assets.xcassets */; };
		54A2D0481D6A5D86005D0D8F /* LaunchScreen.storyboard in Resources */ = {isa = PBXBuildFile; fileRef = 54A2D0461D6A5D86005D0D8F /* LaunchScreen.storyboard */; };
		54A2D0531D6A5D86005D0D8F /* ArabAlphabetQuizTests.swift in Sources */ = {isa = PBXBuildFile; fileRef = 54A2D0521D6A5D86005D0D8F /* ArabAlphabetQuizTests.swift */; };
		54A2D05E1D6A5D86005D0D8F /* ArabAlphabetQuizUITests.swift in Sources */ = {isa = PBXBuildFile; fileRef = 54A2D05D1D6A5D86005D0D8F /* ArabAlphabetQuizUITests.swift */; };
		54A2D06D1D6A5DFD005D0D8F /* ArabicAbjad.plist in Resources */ = {isa = PBXBuildFile; fileRef = 54A2D06C1D6A5DFD005D0D8F /* ArabicAbjad.plist */; };
/* End PBXBuildFile section */

/* Begin PBXContainerItemProxy section */
		54A2D04F1D6A5D86005D0D8F /* PBXContainerItemProxy */ = {
			isa = PBXContainerItemProxy;
			containerPortal = 54A2D0321D6A5D86005D0D8F /* Project object */;
			proxyType = 1;
			remoteGlobalIDString = 54A2D0391D6A5D86005D0D8F;
			remoteInfo = ArabAlphabetQuiz;
		};
		54A2D05A1D6A5D86005D0D8F /* PBXContainerItemProxy */ = {
			isa = PBXContainerItemProxy;
			containerPortal = 54A2D0321D6A5D86005D0D8F /* Project object */;
			proxyType = 1;
			remoteGlobalIDString = 54A2D0391D6A5D86005D0D8F;
			remoteInfo = ArabAlphabetQuiz;
		};
/* End PBXContainerItemProxy section */

/* Begin PBXFileReference section */
		54A2D03A1D6A5D86005D0D8F /* ArabAlphabetQuiz.app */ = {isa = PBXFileReference; explicitFileType = wrapper.application; includeInIndex = 0; path = ArabAlphabetQuiz.app; sourceTree = BUILT_PRODUCTS_DIR; };
		54A2D03D1D6A5D86005D0D8F /* AppDelegate.swift */ = {isa = PBXFileReference; lastKnownFileType = sourcecode.swift; path = AppDelegate.swift; sourceTree = "<group>"; };
		54A2D03F1D6A5D86005D0D8F /* ViewController.swift */ = {isa = PBXFileReference; lastKnownFileType = sourcecode.swift; path = ViewController.swift; sourceTree = "<group>"; };
		54A2D0421D6A5D86005D0D8F /* Base */ = {isa = PBXFileReference; lastKnownFileType = file.storyboard; name = Base; path = Base.lproj/Main.storyboard; sourceTree = "<group>"; };
		54A2D0441D6A5D86005D0D8F /* Assets.xcassets */ = {isa = PBXFileReference; lastKnownFileType = folder.assetcatalog; path = Assets.xcassets; sourceTree = "<group>"; };
		54A2D0471D6A5D86005D0D8F /* Base */ = {isa = PBXFileReference; lastKnownFileType = file.storyboard; name = Base; path = Base.lproj/LaunchScreen.storyboard; sourceTree = "<group>"; };
		54A2D0491D6A5D86005D0D8F /* Info.plist */ = {isa = PBXFileReference; lastKnownFileType = text.plist.xml; path = Info.plist; sourceTree = "<group>"; };
		54A2D04E1D6A5D86005D0D8F /* ArabAlphabetQuizTests.xctest */ = {isa = PBXFileReference; explicitFileType = wrapper.cfbundle; includeInIndex = 0; path = ArabAlphabetQuizTests.xctest; sourceTree = BUILT_PRODUCTS_DIR; };
		54A2D0521D6A5D86005D0D8F /* ArabAlphabetQuizTests.swift */ = {isa = PBXFileReference; lastKnownFileType = sourcecode.swift; path = ArabAlphabetQuizTests.swift; sourceTree = "<group>"; };
		54A2D0541D6A5D86005D0D8F /* Info.plist */ = {isa = PBXFileReference; lastKnownFileType = text.plist.xml; path = Info.plist; sourceTree = "<group>"; };
		54A2D0591D6A5D86005D0D8F /* ArabAlphabetQuizUITests.xctest */ = {isa = PBXFileReference; explicitFileType = wrapper.cfbundle; includeInIndex = 0; path = ArabAlphabetQuizUITests.xctest; sourceTree = BUILT_PRODUCTS_DIR; };
		54A2D05D1D6A5D86005D0D8F /* ArabAlphabetQuizUITests.swift */ = {isa = PBXFileReference; lastKnownFileType = sourcecode.swift; path = ArabAlphabetQuizUITests.swift; sourceTree = "<group>"; };
		54A2D05F1D6A5D86005D0D8F /* Info.plist */ = {isa = PBXFileReference; lastKnownFileType = text.plist.xml; path = Info.plist; sourceTree = "<group>"; };
		54A2D06C1D6A5DFD005D0D8F /* ArabicAbjad.plist */ = {isa = PBXFileReference; fileEncoding = 4; lastKnownFileType = text.plist.xml; path = ArabicAbjad.plist; sourceTree = "<group>"; };
/* End PBXFileReference section */

/* Begin PBXFrameworksBuildPhase section */
		54A2D0371D6A5D86005D0D8F /* Frameworks */ = {
			isa = PBXFrameworksBuildPhase;
			buildActionMask = 2147483647;
			files = (
			);
			runOnlyForDeploymentPostprocessing = 0;
		};
		54A2D04B1D6A5D86005D0D8F /* Frameworks */ = {
			isa = PBXFrameworksBuildPhase;
			buildActionMask = 2147483647;
			files = (
			);
			runOnlyForDeploymentPostprocessing = 0;
		};
		54A2D0561D6A5D86005D0D8F /* Frameworks */ = {
			isa = PBXFrameworksBuildPhase;
			buildActionMask = 2147483647;
			files = (
			);
			runOnlyForDeploymentPostprocessing = 0;
		};
/* End PBXFrameworksBuildPhase section */

/* Begin PBXGroup section */
		54A2D0311D6A5D86005D0D8F = {
			isa = PBXGroup;
			children = (
				54A2D06B1D6A5DB0005D0D8F /* Resources */,
				54A2D03C1D6A5D86005D0D8F /* ArabAlphabetQuiz */,
				54A2D0511D6A5D86005D0D8F /* ArabAlphabetQuizTests */,
				54A2D05C1D6A5D86005D0D8F /* ArabAlphabetQuizUITests */,
				54A2D03B1D6A5D86005D0D8F /* Products */,
			);
			sourceTree = "<group>";
		};
		54A2D03B1D6A5D86005D0D8F /* Products */ = {
			isa = PBXGroup;
			children = (
				54A2D03A1D6A5D86005D0D8F /* ArabAlphabetQuiz.app */,
				54A2D04E1D6A5D86005D0D8F /* ArabAlphabetQuizTests.xctest */,
				54A2D0591D6A5D86005D0D8F /* ArabAlphabetQuizUITests.xctest */,
			);
			name = Products;
			sourceTree = "<group>";
		};
		54A2D03C1D6A5D86005D0D8F /* ArabAlphabetQuiz */ = {
			isa = PBXGroup;
			children = (
				54A2D03D1D6A5D86005D0D8F /* AppDelegate.swift */,
				54A2D03F1D6A5D86005D0D8F /* ViewController.swift */,
				54A2D0411D6A5D86005D0D8F /* Main.storyboard */,
				54A2D0441D6A5D86005D0D8F /* Assets.xcassets */,
				54A2D0461D6A5D86005D0D8F /* LaunchScreen.storyboard */,
				54A2D0491D6A5D86005D0D8F /* Info.plist */,
			);
			path = ArabAlphabetQuiz;
			sourceTree = "<group>";
		};
		54A2D0511D6A5D86005D0D8F /* ArabAlphabetQuizTests */ = {
			isa = PBXGroup;
			children = (
				54A2D0521D6A5D86005D0D8F /* ArabAlphabetQuizTests.swift */,
				54A2D0541D6A5D86005D0D8F /* Info.plist */,
			);
			path = ArabAlphabetQuizTests;
			sourceTree = "<group>";
		};
		54A2D05C1D6A5D86005D0D8F /* ArabAlphabetQuizUITests */ = {
			isa = PBXGroup;
			children = (
				54A2D05D1D6A5D86005D0D8F /* ArabAlphabetQuizUITests.swift */,
				54A2D05F1D6A5D86005D0D8F /* Info.plist */,
			);
			path = ArabAlphabetQuizUITests;
			sourceTree = "<group>";
		};
		54A2D06B1D6A5DB0005D0D8F /* Resources */ = {
			isa = PBXGroup;
			children = (
				54A2D06C1D6A5DFD005D0D8F /* ArabicAbjad.plist */,
			);
			name = Resources;
			sourceTree = "<group>";
		};
/* End PBXGroup section */

/* Begin PBXNativeTarget section */
		54A2D0391D6A5D86005D0D8F /* ArabAlphabetQuiz */ = {
			isa = PBXNativeTarget;
			buildConfigurationList = 54A2D0621D6A5D86005D0D8F /* Build configuration list for PBXNativeTarget "ArabAlphabetQuiz" */;
			buildPhases = (
				54A2D0361D6A5D86005D0D8F /* Sources */,
				54A2D0371D6A5D86005D0D8F /* Frameworks */,
				54A2D0381D6A5D86005D0D8F /* Resources */,
			);
			buildRules = (
			);
			dependencies = (
			);
			name = ArabAlphabetQuiz;
			productName = ArabAlphabetQuiz;
			productReference = 54A2D03A1D6A5D86005D0D8F /* ArabAlphabetQuiz.app */;
			productType = "com.apple.product-type.application";
		};
		54A2D04D1D6A5D86005D0D8F /* ArabAlphabetQuizTests */ = {
			isa = PBXNativeTarget;
			buildConfigurationList = 54A2D0651D6A5D86005D0D8F /* Build configuration list for PBXNativeTarget "ArabAlphabetQuizTests" */;
			buildPhases = (
				54A2D04A1D6A5D86005D0D8F /* Sources */,
				54A2D04B1D6A5D86005D0D8F /* Frameworks */,
				54A2D04C1D6A5D86005D0D8F /* Resources */,
			);
			buildRules = (
			);
			dependencies = (
				54A2D0501D6A5D86005D0D8F /* PBXTargetDependency */,
			);
			name = ArabAlphabetQuizTests;
			productName = ArabAlphabetQuizTests;
			productReference = 54A2D04E1D6A5D86005D0D8F /* ArabAlphabetQuizTests.xctest */;
			productType = "com.apple.product-type.bundle.unit-test";
		};
		54A2D0581D6A5D86005D0D8F /* ArabAlphabetQuizUITests */ = {
			isa = PBXNativeTarget;
			buildConfigurationList = 54A2D0681D6A5D86005D0D8F /* Build configuration list for PBXNativeTarget "ArabAlphabetQuizUITests" */;
			buildPhases = (
				54A2D0551D6A5D86005D0D8F /* Sources */,
				54A2D0561D6A5D86005D0D8F /* Frameworks */,
				54A2D0571D6A5D86005D0D8F /* Resources */,
			);
			buildRules = (
			);
			dependencies = (
				54A2D05B1D6A5D86005D0D8F /* PBXTargetDependency */,
			);
			name = ArabAlphabetQuizUITests;
			productName = ArabAlphabetQuizUITests;
			productReference = 54A2D0591D6A5D86005D0D8F /* ArabAlphabetQuizUITests.xctest */;
			productType = "com.apple.product-type.bundle.ui-testing";
		};
/* End PBXNativeTarget section */

/* Begin PBXProject section */
		54A2D0321D6A5D86005D0D8F /* Project object */ = {
			isa = PBXProject;
			attributes = {
				LastSwiftUpdateCheck = 0730;
				LastUpgradeCheck = 0730;
				ORGANIZATIONNAME = "Scott Kvitberg";
				TargetAttributes = {
					54A2D0391D6A5D86005D0D8F = {
						CreatedOnToolsVersion = 7.3.1;
					};
					54A2D04D1D6A5D86005D0D8F = {
						CreatedOnToolsVersion = 7.3.1;
						TestTargetID = 54A2D0391D6A5D86005D0D8F;
					};
					54A2D0581D6A5D86005D0D8F = {
						CreatedOnToolsVersion = 7.3.1;
						TestTargetID = 54A2D0391D6A5D86005D0D8F;
					};
				};
			};
			buildConfigurationList = 54A2D0351D6A5D86005D0D8F /* Build configuration list for PBXProject "ArabAlphabetQuiz" */;
			compatibilityVersion = "Xcode 3.2";
			developmentRegion = English;
			hasScannedForEncodings = 0;
			knownRegions = (
				en,
				Base,
			);
			mainGroup = 54A2D0311D6A5D86005D0D8F;
			productRefGroup = 54A2D03B1D6A5D86005D0D8F /* Products */;
			projectDirPath = "";
			projectRoot = "";
			targets = (
				54A2D0391D6A5D86005D0D8F /* ArabAlphabetQuiz */,
				54A2D04D1D6A5D86005D0D8F /* ArabAlphabetQuizTests */,
				54A2D0581D6A5D86005D0D8F /* ArabAlphabetQuizUITests */,
			);
		};
/* End PBXProject section */

/* Begin PBXResourcesBuildPhase section */
		54A2D0381D6A5D86005D0D8F /* Resources */ = {
			isa = PBXResourcesBuildPhase;
			buildActionMask = 2147483647;
			files = (
				54A2D0481D6A5D86005D0D8F /* LaunchScreen.storyboard in Resources */,
				54A2D0451D6A5D86005D0D8F /* Assets.xcassets in Resources */,
				54A2D06D1D6A5DFD005D0D8F /* ArabicAbjad.plist in Resources */,
				54A2D0431D6A5D86005D0D8F /* Main.storyboard in Resources */,
			);
			runOnlyForDeploymentPostprocessing = 0;
		};
		54A2D04C1D6A5D86005D0D8F /* Resources */ = {
			isa = PBXResourcesBuildPhase;
			buildActionMask = 2147483647;
			files = (
			);
			runOnlyForDeploymentPostprocessing = 0;
		};
		54A2D0571D6A5D86005D0D8F /* Resources */ = {
			isa = PBXResourcesBuildPhase;
			buildActionMask = 2147483647;
			files = (
			);
			runOnlyForDeploymentPostprocessing = 0;
		};
/* End PBXResourcesBuildPhase section */

/* Begin PBXSourcesBuildPhase section */
		54A2D0361D6A5D86005D0D8F /* Sources */ = {
			isa = PBXSourcesBuildPhase;
			buildActionMask = 2147483647;
			files = (
				54A2D0401D6A5D86005D0D8F /* ViewController.swift in Sources */,
				54A2D03E1D6A5D86005D0D8F /* AppDelegate.swift in Sources */,
			);
			runOnlyForDeploymentPostprocessing = 0;
		};
		54A2D04A1D6A5D86005D0D8F /* Sources */ = {
			isa = PBXSourcesBuildPhase;
			buildActionMask = 2147483647;
			files = (
				54A2D0531D6A5D86005D0D8F /* ArabAlphabetQuizTests.swift in Sources */,
			);
			runOnlyForDeploymentPostprocessing = 0;
		};
		54A2D0551D6A5D86005D0D8F /* Sources */ = {
			isa = PBXSourcesBuildPhase;
			buildActionMask = 2147483647;
			files = (
				54A2D05E1D6A5D86005D0D8F /* ArabAlphabetQuizUITests.swift in Sources */,
			);
			runOnlyForDeploymentPostprocessing = 0;
		};
/* End PBXSourcesBuildPhase section */

/* Begin PBXTargetDependency section */
		54A2D0501D6A5D86005D0D8F /* PBXTargetDependency */ = {
			isa = PBXTargetDependency;
			target = 54A2D0391D6A5D86005D0D8F /* ArabAlphabetQuiz */;
			targetProxy = 54A2D04F1D6A5D86005D0D8F /* PBXContainerItemProxy */;
		};
		54A2D05B1D6A5D86005D0D8F /* PBXTargetDependency */ = {
			isa = PBXTargetDependency;
			target = 54A2D0391D6A5D86005D0D8F /* ArabAlphabetQuiz */;
			targetProxy = 54A2D05A1D6A5D86005D0D8F /* PBXContainerItemProxy */;
		};
/* End PBXTargetDependency section */

/* Begin PBXVariantGroup section */
		54A2D0411D6A5D86005D0D8F /* Main.storyboard */ = {
			isa = PBXVariantGroup;
			children = (
				54A2D0421D6A5D86005D0D8F /* Base */,
			);
			name = Main.storyboard;
			sourceTree = "<group>";
		};
		54A2D0461D6A5D86005D0D8F /* LaunchScreen.storyboard */ = {
			isa = PBXVariantGroup;
			children = (
				54A2D0471D6A5D86005D0D8F /* Base */,
			);
			name = LaunchScreen.storyboard;
			sourceTree = "<group>";
		};
/* End PBXVariantGroup section */

/* Begin XCBuildConfiguration section */
		54A2D0601D6A5D86005D0D8F /* Debug */ = {
			isa = XCBuildConfiguration;
			buildSettings = {
				ALWAYS_SEARCH_USER_PATHS = NO;
				CLANG_ANALYZER_NONNULL = YES;
				CLANG_CXX_LANGUAGE_STANDARD = "gnu++0x";
				CLANG_CXX_LIBRARY = "libc++";
				CLANG_ENABLE_MODULES = YES;
				CLANG_ENABLE_OBJC_ARC = YES;
				CLANG_WARN_BOOL_CONVERSION = YES;
				CLANG_WARN_CONSTANT_CONVERSION = YES;
				CLANG_WARN_DIRECT_OBJC_ISA_USAGE = YES_ERROR;
				CLANG_WARN_EMPTY_BODY = YES;
				CLANG_WARN_ENUM_CONVERSION = YES;
				CLANG_WARN_INT_CONVERSION = YES;
				CLANG_WARN_OBJC_ROOT_CLASS = YES_ERROR;
				CLANG_WARN_UNREACHABLE_CODE = YES;
				CLANG_WARN__DUPLICATE_METHOD_MATCH = YES;
				"CODE_SIGN_IDENTITY[sdk=iphoneos*]" = "iPhone Developer";
				COPY_PHASE_STRIP = NO;
				DEBUG_INFORMATION_FORMAT = dwarf;
				ENABLE_STRICT_OBJC_MSGSEND = YES;
				ENABLE_TESTABILITY = YES;
				GCC_C_LANGUAGE_STANDARD = gnu99;
				GCC_DYNAMIC_NO_PIC = NO;
				GCC_NO_COMMON_BLOCKS = YES;
				GCC_OPTIMIZATION_LEVEL = 0;
				GCC_PREPROCESSOR_DEFINITIONS = (
					"DEBUG=1",
					"$(inherited)",
				);
				GCC_WARN_64_TO_32_BIT_CONVERSION = YES;
				GCC_WARN_ABOUT_RETURN_TYPE = YES_ERROR;
				GCC_WARN_UNDECLARED_SELECTOR = YES;
				GCC_WARN_UNINITIALIZED_AUTOS = YES_AGGRESSIVE;
				GCC_WARN_UNUSED_FUNCTION = YES;
				GCC_WARN_UNUSED_VARIABLE = YES;
				IPHONEOS_DEPLOYMENT_TARGET = 9.3;
				MTL_ENABLE_DEBUG_INFO = YES;
				ONLY_ACTIVE_ARCH = YES;
				SDKROOT = iphoneos;
				SWIFT_OPTIMIZATION_LEVEL = "-Onone";
				TARGETED_DEVICE_FAMILY = "1,2";
			};
			name = Debug;
		};
		54A2D0611D6A5D86005D0D8F /* Release */ = {
			isa = XCBuildConfiguration;
			buildSettings = {
				ALWAYS_SEARCH_USER_PATHS = NO;
				CLANG_ANALYZER_NONNULL = YES;
				CLANG_CXX_LANGUAGE_STANDARD = "gnu++0x";
				CLANG_CXX_LIBRARY = "libc++";
				CLANG_ENABLE_MODULES = YES;
				CLANG_ENABLE_OBJC_ARC = YES;
				CLANG_WARN_BOOL_CONVERSION = YES;
				CLANG_WARN_CONSTANT_CONVERSION = YES;
				CLANG_WARN_DIRECT_OBJC_ISA_USAGE = YES_ERROR;
				CLANG_WARN_EMPTY_BODY = YES;
				CLANG_WARN_ENUM_CONVERSION = YES;
				CLANG_WARN_INT_CONVERSION = YES;
				CLANG_WARN_OBJC_ROOT_CLASS = YES_ERROR;
				CLANG_WARN_UNREACHABLE_CODE = YES;
				CLANG_WARN__DUPLICATE_METHOD_MATCH = YES;
				"CODE_SIGN_IDENTITY[sdk=iphoneos*]" = "iPhone Developer";
				COPY_PHASE_STRIP = NO;
				DEBUG_INFORMATION_FORMAT = "dwarf-with-dsym";
				ENABLE_NS_ASSERTIONS = NO;
				ENABLE_STRICT_OBJC_MSGSEND = YES;
				GCC_C_LANGUAGE_STANDARD = gnu99;
				GCC_NO_COMMON_BLOCKS = YES;
				GCC_WARN_64_TO_32_BIT_CONVERSION = YES;
				GCC_WARN_ABOUT_RETURN_TYPE = YES_ERROR;
				GCC_WARN_UNDECLARED_SELECTOR = YES;
				GCC_WARN_UNINITIALIZED_AUTOS = YES_AGGRESSIVE;
				GCC_WARN_UNUSED_FUNCTION = YES;
				GCC_WARN_UNUSED_VARIABLE = YES;
				IPHONEOS_DEPLOYMENT_TARGET = 9.3;
				MTL_ENABLE_DEBUG_INFO = NO;
				SDKROOT = iphoneos;
				TARGETED_DEVICE_FAMILY = "1,2";
				VALIDATE_PRODUCT = YES;
			};
			name = Release;
		};
		54A2D0631D6A5D86005D0D8F /* Debug */ = {
			isa = XCBuildConfiguration;
			buildSettings = {
				ASSETCATALOG_COMPILER_APPICON_NAME = AppIcon;
				INFOPLIST_FILE = ArabAlphabetQuiz/Info.plist;
				LD_RUNPATH_SEARCH_PATHS = "$(inherited) @executable_path/Frameworks";
				PRODUCT_BUNDLE_IDENTIFIER = com.scottkvitberg.ArabAlphabetQuiz;
				PRODUCT_NAME = "$(TARGET_NAME)";
			};
			name = Debug;
		};
		54A2D0641D6A5D86005D0D8F /* Release */ = {
			isa = XCBuildConfiguration;
			buildSettings = {
				ASSETCATALOG_COMPILER_APPICON_NAME = AppIcon;
				INFOPLIST_FILE = ArabAlphabetQuiz/Info.plist;
				LD_RUNPATH_SEARCH_PATHS = "$(inherited) @executable_path/Frameworks";
				PRODUCT_BUNDLE_IDENTIFIER = com.scottkvitberg.ArabAlphabetQuiz;
				PRODUCT_NAME = "$(TARGET_NAME)";
			};
			name = Release;
		};
		54A2D0661D6A5D86005D0D8F /* Debug */ = {
			isa = XCBuildConfiguration;
			buildSettings = {
				BUNDLE_LOADER = "$(TEST_HOST)";
				INFOPLIST_FILE = ArabAlphabetQuizTests/Info.plist;
				LD_RUNPATH_SEARCH_PATHS = "$(inherited) @executable_path/Frameworks @loader_path/Frameworks";
				PRODUCT_BUNDLE_IDENTIFIER = com.scottkvitberg.ArabAlphabetQuizTests;
				PRODUCT_NAME = "$(TARGET_NAME)";
				TEST_HOST = "$(BUILT_PRODUCTS_DIR)/ArabAlphabetQuiz.app/ArabAlphabetQuiz";
			};
			name = Debug;
		};
		54A2D0671D6A5D86005D0D8F /* Release */ = {
			isa = XCBuildConfiguration;
			buildSettings = {
				BUNDLE_LOADER = "$(TEST_HOST)";
				INFOPLIST_FILE = ArabAlphabetQuizTests/Info.plist;
				LD_RUNPATH_SEARCH_PATHS = "$(inherited) @executable_path/Frameworks @loader_path/Frameworks";
				PRODUCT_BUNDLE_IDENTIFIER = com.scottkvitberg.ArabAlphabetQuizTests;
				PRODUCT_NAME = "$(TARGET_NAME)";
				TEST_HOST = "$(BUILT_PRODUCTS_DIR)/ArabAlphabetQuiz.app/ArabAlphabetQuiz";
			};
			name = Release;
		};
		54A2D0691D6A5D86005D0D8F /* Debug */ = {
			isa = XCBuildConfiguration;
			buildSettings = {
				INFOPLIST_FILE = ArabAlphabetQuizUITests/Info.plist;
				LD_RUNPATH_SEARCH_PATHS = "$(inherited) @executable_path/Frameworks @loader_path/Frameworks";
				PRODUCT_BUNDLE_IDENTIFIER = com.scottkvitberg.ArabAlphabetQuizUITests;
				PRODUCT_NAME = "$(TARGET_NAME)";
				TEST_TARGET_NAME = ArabAlphabetQuiz;
			};
			name = Debug;
		};
		54A2D06A1D6A5D86005D0D8F /* Release */ = {
			isa = XCBuildConfiguration;
			buildSettings = {
				INFOPLIST_FILE = ArabAlphabetQuizUITests/Info.plist;
				LD_RUNPATH_SEARCH_PATHS = "$(inherited) @executable_path/Frameworks @loader_path/Frameworks";
				PRODUCT_BUNDLE_IDENTIFIER = com.scottkvitberg.ArabAlphabetQuizUITests;
				PRODUCT_NAME = "$(TARGET_NAME)";
				TEST_TARGET_NAME = ArabAlphabetQuiz;
			};
			name = Release;
		};
/* End XCBuildConfiguration section */

/* Begin XCConfigurationList section */
		54A2D0351D6A5D86005D0D8F /* Build configuration list for PBXProject "ArabAlphabetQuiz" */ = {
			isa = XCConfigurationList;
			buildConfigurations = (
				54A2D0601D6A5D86005D0D8F /* Debug */,
				54A2D0611D6A5D86005D0D8F /* Release */,
			);
			defaultConfigurationIsVisible = 0;
			defaultConfigurationName = Release;
		};
		54A2D0621D6A5D86005D0D8F /* Build configuration list for PBXNativeTarget "ArabAlphabetQuiz" */ = {
			isa = XCConfigurationList;
			buildConfigurations = (
				54A2D0631D6A5D86005D0D8F /* Debug */,
				54A2D0641D6A5D86005D0D8F /* Release */,
			);
			defaultConfigurationIsVisible = 0;
		};
		54A2D0651D6A5D86005D0D8F /* Build configuration list for PBXNativeTarget "ArabAlphabetQuizTests" */ = {
			isa = XCConfigurationList;
			buildConfigurations = (
				54A2D0661D6A5D86005D0D8F /* Debug */,
				54A2D0671D6A5D86005D0D8F /* Release */,
			);
			defaultConfigurationIsVisible = 0;
		};
		54A2D0681D6A5D86005D0D8F /* Build configuration list for PBXNativeTarget "ArabAlphabetQuizUITests" */ = {
			isa = XCConfigurationList;
			buildConfigurations = (
				54A2D0691D6A5D86005D0D8F /* Debug */,
				54A2D06A1D6A5D86005D0D8F /* Release */,
			);
			defaultConfigurationIsVisible = 0;
		};
/* End XCConfigurationList section */
	};
	rootObject = 54A2D0321D6A5D86005D0D8F /* Project object */;
}
